
Microsoft Visual Studio Solution File, Format Version 12.00
# Visual Studio Version 17
VisualStudioVersion = 17.5.33530.505
MinimumVisualStudioVersion = 10.0.40219.1
Project("{FAE04EC0-301F-11D3-BF4B-00C04F79EFBC}") = "2001_події_для_форми_Деревянко", "2001_події_для_форми_Деревянко\2001_події_для_форми_Деревянко.csproj", "{687B5F8A-88F3-4FBA-8633-A33209876A63}"
EndProject
Global
	GlobalSection(SolutionConfigurationPlatforms) = preSolution
		Debug|Any CPU = Debug|Any CPU
		Release|Any CPU = Release|Any CPU
	EndGlobalSection
	GlobalSection(ProjectConfigurationPlatforms) = postSolution
		{687B5F8A-88F3-4FBA-8633-A33209876A63}.Debug|Any CPU.ActiveCfg = Debug|Any CPU
		{687B5F8A-88F3-4FBA-8633-A33209876A63}.Debug|Any CPU.Build.0 = Debug|Any CPU
		{687B5F8A-88F3-4FBA-8633-A33209876A63}.Release|Any CPU.ActiveCfg = Release|Any CPU
		{687B5F8A-88F3-4FBA-8633-A33209876A63}.Release|Any CPU.Build.0 = Release|Any CPU
	EndGlobalSection
	GlobalSection(SolutionProperties) = preSolution
		HideSolutionNode = FALSE
	EndGlobalSection
	GlobalSection(ExtensibilityGlobals) = postSolution
		SolutionGuid = {6EAFD287-203F-4ED9-8691-D0B140BA296C}
	EndGlobalSection
EndGlobal
